
Microsoft Visual Studio Solution File, Format Version 12.00
# Visual Studio Version 16
VisualStudioVersion = 16.0.30320.27
MinimumVisualStudioVersion = 10.0.40219.1
Project("{9A19103F-16F7-4668-BE54-9A1E7A4F7556}") = "LeftJoin", "LeftJoin\LeftJoin.csproj", "{05839B35-0FA3-4351-9AAE-30839268D083}"
EndProject
Project("{FAE04EC0-301F-11D3-BF4B-00C04F79EFBC}") = "LeftJoinTests", "LeftJoinTests\LeftJoinTests.csproj", "{C67B5380-9D5F-4ADB-8DBE-A5C6C000A602}"
EndProject
Global
	GlobalSection(SolutionConfigurationPlatforms) = preSolution
		Debug|Any CPU = Debug|Any CPU
		Release|Any CPU = Release|Any CPU
	EndGlobalSection
	GlobalSection(ProjectConfigurationPlatforms) = postSolution
		{05839B35-0FA3-4351-9AAE-30839268D083}.Debug|Any CPU.ActiveCfg = Debug|Any CPU
		{05839B35-0FA3-4351-9AAE-30839268D083}.Debug|Any CPU.Build.0 = Debug|Any CPU
		{05839B35-0FA3-4351-9AAE-30839268D083}.Release|Any CPU.ActiveCfg = Release|Any CPU
		{05839B35-0FA3-4351-9AAE-30839268D083}.Release|Any CPU.Build.0 = Release|Any CPU
		{C67B5380-9D5F-4ADB-8DBE-A5C6C000A602}.Debug|Any CPU.ActiveCfg = Debug|Any CPU
		{C67B5380-9D5F-4ADB-8DBE-A5C6C000A602}.Debug|Any CPU.Build.0 = Debug|Any CPU
		{C67B5380-9D5F-4ADB-8DBE-A5C6C000A602}.Release|Any CPU.ActiveCfg = Release|Any CPU
		{C67B5380-9D5F-4ADB-8DBE-A5C6C000A602}.Release|Any CPU.Build.0 = Release|Any CPU
	EndGlobalSection
	GlobalSection(SolutionProperties) = preSolution
		HideSolutionNode = FALSE
	EndGlobalSection
	GlobalSection(ExtensibilityGlobals) = postSolution
		SolutionGuid = {0D478762-C847-4A9E-893E-780E45C92190}
	EndGlobalSection
EndGlobal
