
Microsoft Visual Studio Solution File, Format Version 12.00
# Visual Studio Version 16
VisualStudioVersion = 16.0.30320.27
MinimumVisualStudioVersion = 10.0.40219.1
Project("{FAE04EC0-301F-11D3-BF4B-00C04F79EFBC}") = "TreeIntersection", "TreeIntersection\TreeIntersection.csproj", "{FCF06984-4F86-48A3-B4D0-4D439348C76C}"
EndProject
Project("{FAE04EC0-301F-11D3-BF4B-00C04F79EFBC}") = "TreeIntersectionTests", "TreeIntersectionTests\TreeIntersectionTests.csproj", "{EFB9E3D5-C05B-4748-9136-E5F3DB17F9DB}"
EndProject
Global
	GlobalSection(SolutionConfigurationPlatforms) = preSolution
		Debug|Any CPU = Debug|Any CPU
		Release|Any CPU = Release|Any CPU
	EndGlobalSection
	GlobalSection(ProjectConfigurationPlatforms) = postSolution
		{FCF06984-4F86-48A3-B4D0-4D439348C76C}.Debug|Any CPU.ActiveCfg = Debug|Any CPU
		{FCF06984-4F86-48A3-B4D0-4D439348C76C}.Debug|Any CPU.Build.0 = Debug|Any CPU
		{FCF06984-4F86-48A3-B4D0-4D439348C76C}.Release|Any CPU.ActiveCfg = Release|Any CPU
		{FCF06984-4F86-48A3-B4D0-4D439348C76C}.Release|Any CPU.Build.0 = Release|Any CPU
		{EFB9E3D5-C05B-4748-9136-E5F3DB17F9DB}.Debug|Any CPU.ActiveCfg = Debug|Any CPU
		{EFB9E3D5-C05B-4748-9136-E5F3DB17F9DB}.Debug|Any CPU.Build.0 = Debug|Any CPU
		{EFB9E3D5-C05B-4748-9136-E5F3DB17F9DB}.Release|Any CPU.ActiveCfg = Release|Any CPU
		{EFB9E3D5-C05B-4748-9136-E5F3DB17F9DB}.Release|Any CPU.Build.0 = Release|Any CPU
	EndGlobalSection
	GlobalSection(SolutionProperties) = preSolution
		HideSolutionNode = FALSE
	EndGlobalSection
	GlobalSection(ExtensibilityGlobals) = postSolution
		SolutionGuid = {C936D97D-EF10-4850-A130-6A6A0CCA8278}
	EndGlobalSection
EndGlobal
