
Microsoft Visual Studio Solution File, Format Version 12.00
# Visual Studio Version 16
VisualStudioVersion = 16.0.30225.117
MinimumVisualStudioVersion = 10.0.40219.1
Project("{FAE04EC0-301F-11D3-BF4B-00C04F79EFBC}") = "QueueWithStacks", "QueueWithStacks\QueueWithStacks.csproj", "{425B8AA4-E3DA-4AC1-8715-F77BD23BCF00}"
EndProject
Project("{FAE04EC0-301F-11D3-BF4B-00C04F79EFBC}") = "QueueWithStacksTests", "QueueWithStacksTests\QueueWithStacksTests.csproj", "{6A5EFC67-772A-4850-AD31-CFE9ABAD3907}"
EndProject
Global
	GlobalSection(SolutionConfigurationPlatforms) = preSolution
		Debug|Any CPU = Debug|Any CPU
		Release|Any CPU = Release|Any CPU
	EndGlobalSection
	GlobalSection(ProjectConfigurationPlatforms) = postSolution
		{425B8AA4-E3DA-4AC1-8715-F77BD23BCF00}.Debug|Any CPU.ActiveCfg = Debug|Any CPU
		{425B8AA4-E3DA-4AC1-8715-F77BD23BCF00}.Debug|Any CPU.Build.0 = Debug|Any CPU
		{425B8AA4-E3DA-4AC1-8715-F77BD23BCF00}.Release|Any CPU.ActiveCfg = Release|Any CPU
		{425B8AA4-E3DA-4AC1-8715-F77BD23BCF00}.Release|Any CPU.Build.0 = Release|Any CPU
		{6A5EFC67-772A-4850-AD31-CFE9ABAD3907}.Debug|Any CPU.ActiveCfg = Debug|Any CPU
		{6A5EFC67-772A-4850-AD31-CFE9ABAD3907}.Debug|Any CPU.Build.0 = Debug|Any CPU
		{6A5EFC67-772A-4850-AD31-CFE9ABAD3907}.Release|Any CPU.ActiveCfg = Release|Any CPU
		{6A5EFC67-772A-4850-AD31-CFE9ABAD3907}.Release|Any CPU.Build.0 = Release|Any CPU
	EndGlobalSection
	GlobalSection(SolutionProperties) = preSolution
		HideSolutionNode = FALSE
	EndGlobalSection
	GlobalSection(ExtensibilityGlobals) = postSolution
		SolutionGuid = {6E446889-29A7-486F-BB8F-8F8D3BCCC4CB}
	EndGlobalSection
EndGlobal
