
Microsoft Visual Studio Solution File, Format Version 12.00
# Visual Studio Version 16
VisualStudioVersion = 16.0.30225.117
MinimumVisualStudioVersion = 10.0.40219.1
Project("{FAE04EC0-301F-11D3-BF4B-00C04F79EFBC}") = "BinarySearch", "BinarySearch\BinarySearch.csproj", "{EFF9CC5F-A69F-4A70-983B-896A25562205}"
EndProject
Project("{FAE04EC0-301F-11D3-BF4B-00C04F79EFBC}") = "BinarySearchTests", "BinarySearchTests\BinarySearchTests.csproj", "{967F703F-C68E-4FC1-BAEF-655B59473F7F}"
EndProject
Global
	GlobalSection(SolutionConfigurationPlatforms) = preSolution
		Debug|Any CPU = Debug|Any CPU
		Release|Any CPU = Release|Any CPU
	EndGlobalSection
	GlobalSection(ProjectConfigurationPlatforms) = postSolution
		{EFF9CC5F-A69F-4A70-983B-896A25562205}.Debug|Any CPU.ActiveCfg = Debug|Any CPU
		{EFF9CC5F-A69F-4A70-983B-896A25562205}.Debug|Any CPU.Build.0 = Debug|Any CPU
		{EFF9CC5F-A69F-4A70-983B-896A25562205}.Release|Any CPU.ActiveCfg = Release|Any CPU
		{EFF9CC5F-A69F-4A70-983B-896A25562205}.Release|Any CPU.Build.0 = Release|Any CPU
		{967F703F-C68E-4FC1-BAEF-655B59473F7F}.Debug|Any CPU.ActiveCfg = Debug|Any CPU
		{967F703F-C68E-4FC1-BAEF-655B59473F7F}.Debug|Any CPU.Build.0 = Debug|Any CPU
		{967F703F-C68E-4FC1-BAEF-655B59473F7F}.Release|Any CPU.ActiveCfg = Release|Any CPU
		{967F703F-C68E-4FC1-BAEF-655B59473F7F}.Release|Any CPU.Build.0 = Release|Any CPU
	EndGlobalSection
	GlobalSection(SolutionProperties) = preSolution
		HideSolutionNode = FALSE
	EndGlobalSection
	GlobalSection(ExtensibilityGlobals) = postSolution
		SolutionGuid = {C955BD09-3A08-47CD-9382-4193F179B3EC}
	EndGlobalSection
EndGlobal
